# THIS IS AN AUTOGENERATED FILE. DO NOT EDIT THIS FILE DIRECTLY.
# yarn lockfile v1


is-sorted@^1.0.5:
  version "1.0.5"
  resolved "https://registry.yarnpkg.com/is-sorted/-/is-sorted-1.0.5.tgz#ded2e357010bc79350b10ec2768e27db1b92b128"
  integrity sha512-KZJvKDrI+Kg3ixeDaZQIt7RIwcGnm07+NSipyj1r9MtjDrLG678ETy4yO6dBJLUjejPdge9fLCGxsWkQO/3PJg==

tslib@>=2:
  version "2.4.0"
  resolved "https://registry.yarnpkg.com/tslib/-/tslib-2.4.0.tgz#7cecaa7f073ce680a05847aa77be941098f36dc3"
  integrity sha512-d6xOpEDfsi2CZVlPQzGeux8XMwLT9hssAsaPYExaQMuYskwb+x1x7J371tWlbBdWHroy99KnVB6qIkUbs5X3UQ==
